// !$*UTF8*$!
{
	archiveVersion = 1;
	classes = {
	};
	objectVersion = 46;
	objects = {

/* Begin PBXBuildFile section */
		BDF828FD48CD5981E1FB881E /* Pods_MCC_Mouse_Reproduction_Tracker.framework in Frameworks */ = {isa = PBXBuildFile; fileRef = D94346DC2A98292DE00C7E8E /* Pods_MCC_Mouse_Reproduction_Tracker.framework */; };
		EA62C62E1FA6DA420044C464 /* RackViewCell.swift in Sources */ = {isa = PBXBuildFile; fileRef = EA62C62D1FA6DA420044C464 /* RackViewCell.swift */; };
		EA62C6301FA6F16E0044C464 /* QRScannerController.swift in Sources */ = {isa = PBXBuildFile; fileRef = EA62C62F1FA6F16E0044C464 /* QRScannerController.swift */; };
		EA9E84B91FA6CB8400FDE9AB /* AppDelegate.swift in Sources */ = {isa = PBXBuildFile; fileRef = EA9E84B81FA6CB8400FDE9AB /* AppDelegate.swift */; };
		EA9E84BB1FA6CB8400FDE9AB /* ViewController.swift in Sources */ = {isa = PBXBuildFile; fileRef = EA9E84BA1FA6CB8400FDE9AB /* ViewController.swift */; };
		EA9E84BE1FA6CB8400FDE9AB /* Main.storyboard in Resources */ = {isa = PBXBuildFile; fileRef = EA9E84BC1FA6CB8400FDE9AB /* Main.storyboard */; };
		EA9E84C01FA6CB8400FDE9AB /* Assets.xcassets in Resources */ = {isa = PBXBuildFile; fileRef = EA9E84BF1FA6CB8400FDE9AB /* Assets.xcassets */; };
		EA9E84C31FA6CB8400FDE9AB /* LaunchScreen.storyboard in Resources */ = {isa = PBXBuildFile; fileRef = EA9E84C11FA6CB8400FDE9AB /* LaunchScreen.storyboard */; };
		EA9E84CE1FA6CB8400FDE9AB /* MCC_Mouse_Reproduction_TrackerTests.swift in Sources */ = {isa = PBXBuildFile; fileRef = EA9E84CD1FA6CB8400FDE9AB /* MCC_Mouse_Reproduction_TrackerTests.swift */; };
		EA9E84D91FA6CB8400FDE9AB /* MCC_Mouse_Reproduction_TrackerUITests.swift in Sources */ = {isa = PBXBuildFile; fileRef = EA9E84D81FA6CB8400FDE9AB /* MCC_Mouse_Reproduction_TrackerUITests.swift */; };
		EAB8201B1FACC69D002AB754 /* ColumnFlowLayout.swift in Sources */ = {isa = PBXBuildFile; fileRef = EAB8201A1FACC69D002AB754 /* ColumnFlowLayout.swift */; };
		EAB8201D1FAD29A6002AB754 /* QueryServer.swift in Sources */ = {isa = PBXBuildFile; fileRef = EAB8201C1FAD29A6002AB754 /* QueryServer.swift */; };
		EAB8201F1FAD29C6002AB754 /* Cage.swift in Sources */ = {isa = PBXBuildFile; fileRef = EAB8201E1FAD29C6002AB754 /* Cage.swift */; };
		EAD200F61FB229D500308C1A /* RackViewController.swift in Sources */ = {isa = PBXBuildFile; fileRef = EAD200F51FB229D500308C1A /* RackViewController.swift */; };
		EAE65E481FAD43BE00ADF0A3 /* RackPageViewController.swift in Sources */ = {isa = PBXBuildFile; fileRef = EAE65E471FAD43BE00ADF0A3 /* RackPageViewController.swift */; };
		EAE65E4A1FAFA24D00ADF0A3 /* Settings.swift in Sources */ = {isa = PBXBuildFile; fileRef = EAE65E491FAFA24D00ADF0A3 /* Settings.swift */; };
/* End PBXBuildFile section */

/* Begin PBXContainerItemProxy section */
		EA9E84CA1FA6CB8400FDE9AB /* PBXContainerItemProxy */ = {
			isa = PBXContainerItemProxy;
			containerPortal = EA9E84AD1FA6CB8400FDE9AB /* Project object */;
			proxyType = 1;
			remoteGlobalIDString = EA9E84B41FA6CB8400FDE9AB;
			remoteInfo = "MCC Mouse Reproduction Tracker";
		};
		EA9E84D51FA6CB8400FDE9AB /* PBXContainerItemProxy */ = {
			isa = PBXContainerItemProxy;
			containerPortal = EA9E84AD1FA6CB8400FDE9AB /* Project object */;
			proxyType = 1;
			remoteGlobalIDString = EA9E84B41FA6CB8400FDE9AB;
			remoteInfo = "MCC Mouse Reproduction Tracker";
		};
/* End PBXContainerItemProxy section */

/* Begin PBXFileReference section */
		079B346EE825F7DDFD3E639B /* Pods-MCC Mouse Reproduction Tracker.release.xcconfig */ = {isa = PBXFileReference; includeInIndex = 1; lastKnownFileType = text.xcconfig; name = "Pods-MCC Mouse Reproduction Tracker.release.xcconfig"; path = "Pods/Target Support Files/Pods-MCC Mouse Reproduction Tracker/Pods-MCC Mouse Reproduction Tracker.release.xcconfig"; sourceTree = "<group>"; };
		ADC17CFBF0CE0D312BC0BF49 /* Pods-MCC Mouse Reproduction Tracker.debug.xcconfig */ = {isa = PBXFileReference; includeInIndex = 1; lastKnownFileType = text.xcconfig; name = "Pods-MCC Mouse Reproduction Tracker.debug.xcconfig"; path = "Pods/Target Support Files/Pods-MCC Mouse Reproduction Tracker/Pods-MCC Mouse Reproduction Tracker.debug.xcconfig"; sourceTree = "<group>"; };
		D94346DC2A98292DE00C7E8E /* Pods_MCC_Mouse_Reproduction_Tracker.framework */ = {isa = PBXFileReference; explicitFileType = wrapper.framework; includeInIndex = 0; path = Pods_MCC_Mouse_Reproduction_Tracker.framework; sourceTree = BUILT_PRODUCTS_DIR; };
		EA62C62D1FA6DA420044C464 /* RackViewCell.swift */ = {isa = PBXFileReference; fileEncoding = 4; lastKnownFileType = sourcecode.swift; path = RackViewCell.swift; sourceTree = "<group>"; };
		EA62C62F1FA6F16E0044C464 /* QRScannerController.swift */ = {isa = PBXFileReference; fileEncoding = 4; lastKnownFileType = sourcecode.swift; path = QRScannerController.swift; sourceTree = "<group>"; };
		EA9E84B51FA6CB8400FDE9AB /* MCC Mouse Reproduction Tracker.app */ = {isa = PBXFileReference; explicitFileType = wrapper.application; includeInIndex = 0; path = "MCC Mouse Reproduction Tracker.app"; sourceTree = BUILT_PRODUCTS_DIR; };
		EA9E84B81FA6CB8400FDE9AB /* AppDelegate.swift */ = {isa = PBXFileReference; lastKnownFileType = sourcecode.swift; path = AppDelegate.swift; sourceTree = "<group>"; };
		EA9E84BA1FA6CB8400FDE9AB /* ViewController.swift */ = {isa = PBXFileReference; lastKnownFileType = sourcecode.swift; path = ViewController.swift; sourceTree = "<group>"; };
		EA9E84BD1FA6CB8400FDE9AB /* Base */ = {isa = PBXFileReference; lastKnownFileType = file.storyboard; name = Base; path = Base.lproj/Main.storyboard; sourceTree = "<group>"; };
		EA9E84BF1FA6CB8400FDE9AB /* Assets.xcassets */ = {isa = PBXFileReference; lastKnownFileType = folder.assetcatalog; path = Assets.xcassets; sourceTree = "<group>"; };
		EA9E84C21FA6CB8400FDE9AB /* Base */ = {isa = PBXFileReference; lastKnownFileType = file.storyboard; name = Base; path = Base.lproj/LaunchScreen.storyboard; sourceTree = "<group>"; };
		EA9E84C41FA6CB8400FDE9AB /* Info.plist */ = {isa = PBXFileReference; lastKnownFileType = text.plist.xml; path = Info.plist; sourceTree = "<group>"; };
		EA9E84C91FA6CB8400FDE9AB /* MCC Mouse Reproduction TrackerTests.xctest */ = {isa = PBXFileReference; explicitFileType = wrapper.cfbundle; includeInIndex = 0; path = "MCC Mouse Reproduction TrackerTests.xctest"; sourceTree = BUILT_PRODUCTS_DIR; };
		EA9E84CD1FA6CB8400FDE9AB /* MCC_Mouse_Reproduction_TrackerTests.swift */ = {isa = PBXFileReference; lastKnownFileType = sourcecode.swift; path = MCC_Mouse_Reproduction_TrackerTests.swift; sourceTree = "<group>"; };
		EA9E84CF1FA6CB8400FDE9AB /* Info.plist */ = {isa = PBXFileReference; lastKnownFileType = text.plist.xml; path = Info.plist; sourceTree = "<group>"; };
		EA9E84D41FA6CB8400FDE9AB /* MCC Mouse Reproduction TrackerUITests.xctest */ = {isa = PBXFileReference; explicitFileType = wrapper.cfbundle; includeInIndex = 0; path = "MCC Mouse Reproduction TrackerUITests.xctest"; sourceTree = BUILT_PRODUCTS_DIR; };
		EA9E84D81FA6CB8400FDE9AB /* MCC_Mouse_Reproduction_TrackerUITests.swift */ = {isa = PBXFileReference; lastKnownFileType = sourcecode.swift; path = MCC_Mouse_Reproduction_TrackerUITests.swift; sourceTree = "<group>"; };
		EA9E84DA1FA6CB8400FDE9AB /* Info.plist */ = {isa = PBXFileReference; lastKnownFileType = text.plist.xml; path = Info.plist; sourceTree = "<group>"; };
		EAB8201A1FACC69D002AB754 /* ColumnFlowLayout.swift */ = {isa = PBXFileReference; lastKnownFileType = sourcecode.swift; path = ColumnFlowLayout.swift; sourceTree = "<group>"; };
		EAB8201C1FAD29A6002AB754 /* QueryServer.swift */ = {isa = PBXFileReference; lastKnownFileType = sourcecode.swift; path = QueryServer.swift; sourceTree = "<group>"; };
		EAB8201E1FAD29C6002AB754 /* Cage.swift */ = {isa = PBXFileReference; lastKnownFileType = sourcecode.swift; path = Cage.swift; sourceTree = "<group>"; };
		EAD200F51FB229D500308C1A /* RackViewController.swift */ = {isa = PBXFileReference; lastKnownFileType = sourcecode.swift; path = RackViewController.swift; sourceTree = "<group>"; };
		EAE65E471FAD43BE00ADF0A3 /* RackPageViewController.swift */ = {isa = PBXFileReference; lastKnownFileType = sourcecode.swift; path = RackPageViewController.swift; sourceTree = "<group>"; };
		EAE65E491FAFA24D00ADF0A3 /* Settings.swift */ = {isa = PBXFileReference; lastKnownFileType = sourcecode.swift; path = Settings.swift; sourceTree = "<group>"; };
/* End PBXFileReference section */

/* Begin PBXFrameworksBuildPhase section */
		EA9E84B21FA6CB8400FDE9AB /* Frameworks */ = {
			isa = PBXFrameworksBuildPhase;
			buildActionMask = 2147483647;
			files = (
				BDF828FD48CD5981E1FB881E /* Pods_MCC_Mouse_Reproduction_Tracker.framework in Frameworks */,
			);
			runOnlyForDeploymentPostprocessing = 0;
		};
		EA9E84C61FA6CB8400FDE9AB /* Frameworks */ = {
			isa = PBXFrameworksBuildPhase;
			buildActionMask = 2147483647;
			files = (
			);
			runOnlyForDeploymentPostprocessing = 0;
		};
		EA9E84D11FA6CB8400FDE9AB /* Frameworks */ = {
			isa = PBXFrameworksBuildPhase;
			buildActionMask = 2147483647;
			files = (
			);
			runOnlyForDeploymentPostprocessing = 0;
		};
/* End PBXFrameworksBuildPhase section */

/* Begin PBXGroup section */
		5EA81D69680D262F5328F5F9 /* Frameworks */ = {
			isa = PBXGroup;
			children = (
				D94346DC2A98292DE00C7E8E /* Pods_MCC_Mouse_Reproduction_Tracker.framework */,
			);
			name = Frameworks;
			sourceTree = "<group>";
		};
		9E7A2E608AB92A7B320B6647 /* Pods */ = {
			isa = PBXGroup;
			children = (
				ADC17CFBF0CE0D312BC0BF49 /* Pods-MCC Mouse Reproduction Tracker.debug.xcconfig */,
				079B346EE825F7DDFD3E639B /* Pods-MCC Mouse Reproduction Tracker.release.xcconfig */,
			);
			name = Pods;
			sourceTree = "<group>";
		};
		EA9E84AC1FA6CB8400FDE9AB = {
			isa = PBXGroup;
			children = (
				EA9E84B71FA6CB8400FDE9AB /* MCC Mouse Reproduction Tracker */,
				EA9E84CC1FA6CB8400FDE9AB /* MCC Mouse Reproduction TrackerTests */,
				EA9E84D71FA6CB8400FDE9AB /* MCC Mouse Reproduction TrackerUITests */,
				EA9E84B61FA6CB8400FDE9AB /* Products */,
				9E7A2E608AB92A7B320B6647 /* Pods */,
				5EA81D69680D262F5328F5F9 /* Frameworks */,
			);
			sourceTree = "<group>";
		};
		EA9E84B61FA6CB8400FDE9AB /* Products */ = {
			isa = PBXGroup;
			children = (
				EA9E84B51FA6CB8400FDE9AB /* MCC Mouse Reproduction Tracker.app */,
				EA9E84C91FA6CB8400FDE9AB /* MCC Mouse Reproduction TrackerTests.xctest */,
				EA9E84D41FA6CB8400FDE9AB /* MCC Mouse Reproduction TrackerUITests.xctest */,
			);
			name = Products;
			sourceTree = "<group>";
		};
		EA9E84B71FA6CB8400FDE9AB /* MCC Mouse Reproduction Tracker */ = {
			isa = PBXGroup;
			children = (
				EA9E84B81FA6CB8400FDE9AB /* AppDelegate.swift */,
				EAD200F51FB229D500308C1A /* RackViewController.swift */,
				EAE65E491FAFA24D00ADF0A3 /* Settings.swift */,
				EA62C62F1FA6F16E0044C464 /* QRScannerController.swift */,
				EA9E84BA1FA6CB8400FDE9AB /* ViewController.swift */,
				EAB8201C1FAD29A6002AB754 /* QueryServer.swift */,
				EAB8201E1FAD29C6002AB754 /* Cage.swift */,
				EA62C62D1FA6DA420044C464 /* RackViewCell.swift */,
				EAB8201A1FACC69D002AB754 /* ColumnFlowLayout.swift */,
				EA9E84BC1FA6CB8400FDE9AB /* Main.storyboard */,
				EAE65E471FAD43BE00ADF0A3 /* RackPageViewController.swift */,
				EA9E84BF1FA6CB8400FDE9AB /* Assets.xcassets */,
				EA9E84C11FA6CB8400FDE9AB /* LaunchScreen.storyboard */,
				EA9E84C41FA6CB8400FDE9AB /* Info.plist */,
			);
			path = "MCC Mouse Reproduction Tracker";
			sourceTree = "<group>";
		};
		EA9E84CC1FA6CB8400FDE9AB /* MCC Mouse Reproduction TrackerTests */ = {
			isa = PBXGroup;
			children = (
				EA9E84CD1FA6CB8400FDE9AB /* MCC_Mouse_Reproduction_TrackerTests.swift */,
				EA9E84CF1FA6CB8400FDE9AB /* Info.plist */,
			);
			path = "MCC Mouse Reproduction TrackerTests";
			sourceTree = "<group>";
		};
		EA9E84D71FA6CB8400FDE9AB /* MCC Mouse Reproduction TrackerUITests */ = {
			isa = PBXGroup;
			children = (
				EA9E84D81FA6CB8400FDE9AB /* MCC_Mouse_Reproduction_TrackerUITests.swift */,
				EA9E84DA1FA6CB8400FDE9AB /* Info.plist */,
			);
			path = "MCC Mouse Reproduction TrackerUITests";
			sourceTree = "<group>";
		};
/* End PBXGroup section */

/* Begin PBXNativeTarget section */
		EA9E84B41FA6CB8400FDE9AB /* MCC Mouse Reproduction Tracker */ = {
			isa = PBXNativeTarget;
			buildConfigurationList = EA9E84DD1FA6CB8400FDE9AB /* Build configuration list for PBXNativeTarget "MCC Mouse Reproduction Tracker" */;
			buildPhases = (
				939ABC692659EE4B5AB067A9 /* [CP] Check Pods Manifest.lock */,
				EA9E84B11FA6CB8400FDE9AB /* Sources */,
				EA9E84B21FA6CB8400FDE9AB /* Frameworks */,
				EA9E84B31FA6CB8400FDE9AB /* Resources */,
				5D1235A338071332FA2862B1 /* [CP] Embed Pods Frameworks */,
				3B50B2EA9A5D34BD3CE3BE14 /* [CP] Copy Pods Resources */,
			);
			buildRules = (
			);
			dependencies = (
			);
			name = "MCC Mouse Reproduction Tracker";
			productName = "MCC Mouse Reproduction Tracker";
			productReference = EA9E84B51FA6CB8400FDE9AB /* MCC Mouse Reproduction Tracker.app */;
			productType = "com.apple.product-type.application";
		};
		EA9E84C81FA6CB8400FDE9AB /* MCC Mouse Reproduction TrackerTests */ = {
			isa = PBXNativeTarget;
			buildConfigurationList = EA9E84E01FA6CB8400FDE9AB /* Build configuration list for PBXNativeTarget "MCC Mouse Reproduction TrackerTests" */;
			buildPhases = (
				EA9E84C51FA6CB8400FDE9AB /* Sources */,
				EA9E84C61FA6CB8400FDE9AB /* Frameworks */,
				EA9E84C71FA6CB8400FDE9AB /* Resources */,
			);
			buildRules = (
			);
			dependencies = (
				EA9E84CB1FA6CB8400FDE9AB /* PBXTargetDependency */,
			);
			name = "MCC Mouse Reproduction TrackerTests";
			productName = "MCC Mouse Reproduction TrackerTests";
			productReference = EA9E84C91FA6CB8400FDE9AB /* MCC Mouse Reproduction TrackerTests.xctest */;
			productType = "com.apple.product-type.bundle.unit-test";
		};
		EA9E84D31FA6CB8400FDE9AB /* MCC Mouse Reproduction TrackerUITests */ = {
			isa = PBXNativeTarget;
			buildConfigurationList = EA9E84E31FA6CB8400FDE9AB /* Build configuration list for PBXNativeTarget "MCC Mouse Reproduction TrackerUITests" */;
			buildPhases = (
				EA9E84D01FA6CB8400FDE9AB /* Sources */,
				EA9E84D11FA6CB8400FDE9AB /* Frameworks */,
				EA9E84D21FA6CB8400FDE9AB /* Resources */,
			);
			buildRules = (
			);
			dependencies = (
				EA9E84D61FA6CB8400FDE9AB /* PBXTargetDependency */,
			);
			name = "MCC Mouse Reproduction TrackerUITests";
			productName = "MCC Mouse Reproduction TrackerUITests";
			productReference = EA9E84D41FA6CB8400FDE9AB /* MCC Mouse Reproduction TrackerUITests.xctest */;
			productType = "com.apple.product-type.bundle.ui-testing";
		};
/* End PBXNativeTarget section */

/* Begin PBXProject section */
		EA9E84AD1FA6CB8400FDE9AB /* Project object */ = {
			isa = PBXProject;
			attributes = {
				LastSwiftUpdateCheck = 0830;
				LastUpgradeCheck = 0830;
				ORGANIZATIONNAME = "Kimpfler Williams Novak";
				TargetAttributes = {
					EA9E84B41FA6CB8400FDE9AB = {
						CreatedOnToolsVersion = 8.3.3;
						DevelopmentTeam = A5Q224W4VJ;
						ProvisioningStyle = Automatic;
					};
					EA9E84C81FA6CB8400FDE9AB = {
						CreatedOnToolsVersion = 8.3.3;
						DevelopmentTeam = A5Q224W4VJ;
						ProvisioningStyle = Automatic;
						TestTargetID = EA9E84B41FA6CB8400FDE9AB;
					};
					EA9E84D31FA6CB8400FDE9AB = {
						CreatedOnToolsVersion = 8.3.3;
						DevelopmentTeam = A5Q224W4VJ;
						ProvisioningStyle = Automatic;
						TestTargetID = EA9E84B41FA6CB8400FDE9AB;
					};
				};
			};
			buildConfigurationList = EA9E84B01FA6CB8400FDE9AB /* Build configuration list for PBXProject "MCC Mouse Reproduction Tracker" */;
			compatibilityVersion = "Xcode 3.2";
			developmentRegion = English;
			hasScannedForEncodings = 0;
			knownRegions = (
				en,
				Base,
			);
			mainGroup = EA9E84AC1FA6CB8400FDE9AB;
			productRefGroup = EA9E84B61FA6CB8400FDE9AB /* Products */;
			projectDirPath = "";
			projectRoot = "";
			targets = (
				EA9E84B41FA6CB8400FDE9AB /* MCC Mouse Reproduction Tracker */,
				EA9E84C81FA6CB8400FDE9AB /* MCC Mouse Reproduction TrackerTests */,
				EA9E84D31FA6CB8400FDE9AB /* MCC Mouse Reproduction TrackerUITests */,
			);
		};
/* End PBXProject section */

/* Begin PBXResourcesBuildPhase section */
		EA9E84B31FA6CB8400FDE9AB /* Resources */ = {
			isa = PBXResourcesBuildPhase;
			buildActionMask = 2147483647;
			files = (
				EA9E84C31FA6CB8400FDE9AB /* LaunchScreen.storyboard in Resources */,
				EA9E84C01FA6CB8400FDE9AB /* Assets.xcassets in Resources */,
				EA9E84BE1FA6CB8400FDE9AB /* Main.storyboard in Resources */,
			);
			runOnlyForDeploymentPostprocessing = 0;
		};
		EA9E84C71FA6CB8400FDE9AB /* Resources */ = {
			isa = PBXResourcesBuildPhase;
			buildActionMask = 2147483647;
			files = (
			);
			runOnlyForDeploymentPostprocessing = 0;
		};
		EA9E84D21FA6CB8400FDE9AB /* Resources */ = {
			isa = PBXResourcesBuildPhase;
			buildActionMask = 2147483647;
			files = (
			);
			runOnlyForDeploymentPostprocessing = 0;
		};
/* End PBXResourcesBuildPhase section */

/* Begin PBXShellScriptBuildPhase section */
		3B50B2EA9A5D34BD3CE3BE14 /* [CP] Copy Pods Resources */ = {
			isa = PBXShellScriptBuildPhase;
			buildActionMask = 2147483647;
			files = (
			);
			inputPaths = (
			);
			name = "[CP] Copy Pods Resources";
			outputPaths = (
			);
			runOnlyForDeploymentPostprocessing = 0;
			shellPath = /bin/sh;
			shellScript = "\"${SRCROOT}/Pods/Target Support Files/Pods-MCC Mouse Reproduction Tracker/Pods-MCC Mouse Reproduction Tracker-resources.sh\"\n";
			showEnvVarsInLog = 0;
		};
		5D1235A338071332FA2862B1 /* [CP] Embed Pods Frameworks */ = {
			isa = PBXShellScriptBuildPhase;
			buildActionMask = 2147483647;
			files = (
			);
			inputPaths = (
				"${SRCROOT}/Pods/Target Support Files/Pods-MCC Mouse Reproduction Tracker/Pods-MCC Mouse Reproduction Tracker-frameworks.sh",
				"${BUILT_PRODUCTS_DIR}/Alamofire/Alamofire.framework",
			);
			name = "[CP] Embed Pods Frameworks";
			outputPaths = (
				"${TARGET_BUILD_DIR}/${FRAMEWORKS_FOLDER_PATH}/Alamofire.framework",
			);
			runOnlyForDeploymentPostprocessing = 0;
			shellPath = /bin/sh;
			shellScript = "\"${SRCROOT}/Pods/Target Support Files/Pods-MCC Mouse Reproduction Tracker/Pods-MCC Mouse Reproduction Tracker-frameworks.sh\"\n";
			showEnvVarsInLog = 0;
		};
		939ABC692659EE4B5AB067A9 /* [CP] Check Pods Manifest.lock */ = {
			isa = PBXShellScriptBuildPhase;
			buildActionMask = 2147483647;
			files = (
			);
			inputPaths = (
				"${PODS_PODFILE_DIR_PATH}/Podfile.lock",
				"${PODS_ROOT}/Manifest.lock",
			);
			name = "[CP] Check Pods Manifest.lock";
			outputPaths = (
				"$(DERIVED_FILE_DIR)/Pods-MCC Mouse Reproduction Tracker-checkManifestLockResult.txt",
			);
			runOnlyForDeploymentPostprocessing = 0;
			shellPath = /bin/sh;
			shellScript = "diff \"${PODS_PODFILE_DIR_PATH}/Podfile.lock\" \"${PODS_ROOT}/Manifest.lock\" > /dev/null\nif [ $? != 0 ] ; then\n    # print error to STDERR\n    echo \"error: The sandbox is not in sync with the Podfile.lock. Run 'pod install' or update your CocoaPods installation.\" >&2\n    exit 1\nfi\n# This output is used by Xcode 'outputs' to avoid re-running this script phase.\necho \"SUCCESS\" > \"${SCRIPT_OUTPUT_FILE_0}\"\n";
			showEnvVarsInLog = 0;
		};
/* End PBXShellScriptBuildPhase section */

/* Begin PBXSourcesBuildPhase section */
		EA9E84B11FA6CB8400FDE9AB /* Sources */ = {
			isa = PBXSourcesBuildPhase;
			buildActionMask = 2147483647;
			files = (
				EAE65E481FAD43BE00ADF0A3 /* RackPageViewController.swift in Sources */,
				EA62C6301FA6F16E0044C464 /* QRScannerController.swift in Sources */,
				EAB8201B1FACC69D002AB754 /* ColumnFlowLayout.swift in Sources */,
				EAB8201D1FAD29A6002AB754 /* QueryServer.swift in Sources */,
				EAE65E4A1FAFA24D00ADF0A3 /* Settings.swift in Sources */,
				EA9E84BB1FA6CB8400FDE9AB /* ViewController.swift in Sources */,
				EA62C62E1FA6DA420044C464 /* RackViewCell.swift in Sources */,
				EA9E84B91FA6CB8400FDE9AB /* AppDelegate.swift in Sources */,
				EAB8201F1FAD29C6002AB754 /* Cage.swift in Sources */,
				EAD200F61FB229D500308C1A /* RackViewController.swift in Sources */,
			);
			runOnlyForDeploymentPostprocessing = 0;
		};
		EA9E84C51FA6CB8400FDE9AB /* Sources */ = {
			isa = PBXSourcesBuildPhase;
			buildActionMask = 2147483647;
			files = (
				EA9E84CE1FA6CB8400FDE9AB /* MCC_Mouse_Reproduction_TrackerTests.swift in Sources */,
			);
			runOnlyForDeploymentPostprocessing = 0;
		};
		EA9E84D01FA6CB8400FDE9AB /* Sources */ = {
			isa = PBXSourcesBuildPhase;
			buildActionMask = 2147483647;
			files = (
				EA9E84D91FA6CB8400FDE9AB /* MCC_Mouse_Reproduction_TrackerUITests.swift in Sources */,
			);
			runOnlyForDeploymentPostprocessing = 0;
		};
/* End PBXSourcesBuildPhase section */

/* Begin PBXTargetDependency section */
		EA9E84CB1FA6CB8400FDE9AB /* PBXTargetDependency */ = {
			isa = PBXTargetDependency;
			target = EA9E84B41FA6CB8400FDE9AB /* MCC Mouse Reproduction Tracker */;
			targetProxy = EA9E84CA1FA6CB8400FDE9AB /* PBXContainerItemProxy */;
		};
		EA9E84D61FA6CB8400FDE9AB /* PBXTargetDependency */ = {
			isa = PBXTargetDependency;
			target = EA9E84B41FA6CB8400FDE9AB /* MCC Mouse Reproduction Tracker */;
			targetProxy = EA9E84D51FA6CB8400FDE9AB /* PBXContainerItemProxy */;
		};
/* End PBXTargetDependency section */

/* Begin PBXVariantGroup section */
		EA9E84BC1FA6CB8400FDE9AB /* Main.storyboard */ = {
			isa = PBXVariantGroup;
			children = (
				EA9E84BD1FA6CB8400FDE9AB /* Base */,
			);
			name = Main.storyboard;
			sourceTree = "<group>";
		};
		EA9E84C11FA6CB8400FDE9AB /* LaunchScreen.storyboard */ = {
			isa = PBXVariantGroup;
			children = (
				EA9E84C21FA6CB8400FDE9AB /* Base */,
			);
			name = LaunchScreen.storyboard;
			sourceTree = "<group>";
		};
/* End PBXVariantGroup section */

/* Begin XCBuildConfiguration section */
		EA9E84DB1FA6CB8400FDE9AB /* Debug */ = {
			isa = XCBuildConfiguration;
			buildSettings = {
				ALWAYS_SEARCH_USER_PATHS = NO;
				CLANG_ANALYZER_NONNULL = YES;
				CLANG_ANALYZER_NUMBER_OBJECT_CONVERSION = YES_AGGRESSIVE;
				CLANG_CXX_LANGUAGE_STANDARD = "gnu++0x";
				CLANG_CXX_LIBRARY = "libc++";
				CLANG_ENABLE_MODULES = YES;
				CLANG_ENABLE_OBJC_ARC = YES;
				CLANG_WARN_BOOL_CONVERSION = YES;
				CLANG_WARN_CONSTANT_CONVERSION = YES;
				CLANG_WARN_DIRECT_OBJC_ISA_USAGE = YES_ERROR;
				CLANG_WARN_DOCUMENTATION_COMMENTS = YES;
				CLANG_WARN_EMPTY_BODY = YES;
				CLANG_WARN_ENUM_CONVERSION = YES;
				CLANG_WARN_INFINITE_RECURSION = YES;
				CLANG_WARN_INT_CONVERSION = YES;
				CLANG_WARN_OBJC_ROOT_CLASS = YES_ERROR;
				CLANG_WARN_SUSPICIOUS_MOVE = YES;
				CLANG_WARN_UNREACHABLE_CODE = YES;
				CLANG_WARN__DUPLICATE_METHOD_MATCH = YES;
				"CODE_SIGN_IDENTITY[sdk=iphoneos*]" = "iPhone Developer";
				COPY_PHASE_STRIP = NO;
				DEBUG_INFORMATION_FORMAT = dwarf;
				ENABLE_STRICT_OBJC_MSGSEND = YES;
				ENABLE_TESTABILITY = YES;
				GCC_C_LANGUAGE_STANDARD = gnu99;
				GCC_DYNAMIC_NO_PIC = NO;
				GCC_NO_COMMON_BLOCKS = YES;
				GCC_OPTIMIZATION_LEVEL = 0;
				GCC_PREPROCESSOR_DEFINITIONS = (
					"DEBUG=1",
					"$(inherited)",
				);
				GCC_WARN_64_TO_32_BIT_CONVERSION = YES;
				GCC_WARN_ABOUT_RETURN_TYPE = YES_ERROR;
				GCC_WARN_UNDECLARED_SELECTOR = YES;
				GCC_WARN_UNINITIALIZED_AUTOS = YES_AGGRESSIVE;
				GCC_WARN_UNUSED_FUNCTION = YES;
				GCC_WARN_UNUSED_VARIABLE = YES;
				IPHONEOS_DEPLOYMENT_TARGET = 10.3;
				MTL_ENABLE_DEBUG_INFO = YES;
				ONLY_ACTIVE_ARCH = YES;
				SDKROOT = iphoneos;
				SWIFT_ACTIVE_COMPILATION_CONDITIONS = DEBUG;
				SWIFT_OPTIMIZATION_LEVEL = "-Onone";
				TARGETED_DEVICE_FAMILY = "1,2";
			};
			name = Debug;
		};
		EA9E84DC1FA6CB8400FDE9AB /* Release */ = {
			isa = XCBuildConfiguration;
			buildSettings = {
				ALWAYS_SEARCH_USER_PATHS = NO;
				CLANG_ANALYZER_NONNULL = YES;
				CLANG_ANALYZER_NUMBER_OBJECT_CONVERSION = YES_AGGRESSIVE;
				CLANG_CXX_LANGUAGE_STANDARD = "gnu++0x";
				CLANG_CXX_LIBRARY = "libc++";
				CLANG_ENABLE_MODULES = YES;
				CLANG_ENABLE_OBJC_ARC = YES;
				CLANG_WARN_BOOL_CONVERSION = YES;
				CLANG_WARN_CONSTANT_CONVERSION = YES;
				CLANG_WARN_DIRECT_OBJC_ISA_USAGE = YES_ERROR;
				CLANG_WARN_DOCUMENTATION_COMMENTS = YES;
				CLANG_WARN_EMPTY_BODY = YES;
				CLANG_WARN_ENUM_CONVERSION = YES;
				CLANG_WARN_INFINITE_RECURSION = YES;
				CLANG_WARN_INT_CONVERSION = YES;
				CLANG_WARN_OBJC_ROOT_CLASS = YES_ERROR;
				CLANG_WARN_SUSPICIOUS_MOVE = YES;
				CLANG_WARN_UNREACHABLE_CODE = YES;
				CLANG_WARN__DUPLICATE_METHOD_MATCH = YES;
				"CODE_SIGN_IDENTITY[sdk=iphoneos*]" = "iPhone Developer";
				COPY_PHASE_STRIP = NO;
				DEBUG_INFORMATION_FORMAT = "dwarf-with-dsym";
				ENABLE_NS_ASSERTIONS = NO;
				ENABLE_STRICT_OBJC_MSGSEND = YES;
				GCC_C_LANGUAGE_STANDARD = gnu99;
				GCC_NO_COMMON_BLOCKS = YES;
				GCC_WARN_64_TO_32_BIT_CONVERSION = YES;
				GCC_WARN_ABOUT_RETURN_TYPE = YES_ERROR;
				GCC_WARN_UNDECLARED_SELECTOR = YES;
				GCC_WARN_UNINITIALIZED_AUTOS = YES_AGGRESSIVE;
				GCC_WARN_UNUSED_FUNCTION = YES;
				GCC_WARN_UNUSED_VARIABLE = YES;
				IPHONEOS_DEPLOYMENT_TARGET = 10.3;
				MTL_ENABLE_DEBUG_INFO = NO;
				SDKROOT = iphoneos;
				SWIFT_OPTIMIZATION_LEVEL = "-Owholemodule";
				TARGETED_DEVICE_FAMILY = "1,2";
				VALIDATE_PRODUCT = YES;
			};
			name = Release;
		};
		EA9E84DE1FA6CB8400FDE9AB /* Debug */ = {
			isa = XCBuildConfiguration;
			baseConfigurationReference = ADC17CFBF0CE0D312BC0BF49 /* Pods-MCC Mouse Reproduction Tracker.debug.xcconfig */;
			buildSettings = {
				ASSETCATALOG_COMPILER_APPICON_NAME = AppIcon;
				DEVELOPMENT_TEAM = A5Q224W4VJ;
				INFOPLIST_FILE = "MCC Mouse Reproduction Tracker/Info.plist";
				IPHONEOS_DEPLOYMENT_TARGET = 9.3;
				LD_RUNPATH_SEARCH_PATHS = "$(inherited) @executable_path/Frameworks";
				PRODUCT_BUNDLE_IDENTIFIER = "com.KimpflerWilliamsNovak.MCC-Mouse-Reproduction-Tracker";
				PRODUCT_NAME = "$(TARGET_NAME)";
				SWIFT_VERSION = 3.0;
				TARGETED_DEVICE_FAMILY = "1,2";
			};
			name = Debug;
		};
		EA9E84DF1FA6CB8400FDE9AB /* Release */ = {
			isa = XCBuildConfiguration;
			baseConfigurationReference = 079B346EE825F7DDFD3E639B /* Pods-MCC Mouse Reproduction Tracker.release.xcconfig */;
			buildSettings = {
				ASSETCATALOG_COMPILER_APPICON_NAME = AppIcon;
				DEVELOPMENT_TEAM = A5Q224W4VJ;
				INFOPLIST_FILE = "MCC Mouse Reproduction Tracker/Info.plist";
				IPHONEOS_DEPLOYMENT_TARGET = 9.3;
				LD_RUNPATH_SEARCH_PATHS = "$(inherited) @executable_path/Frameworks";
				PRODUCT_BUNDLE_IDENTIFIER = "com.KimpflerWilliamsNovak.MCC-Mouse-Reproduction-Tracker";
				PRODUCT_NAME = "$(TARGET_NAME)";
				SWIFT_VERSION = 3.0;
				TARGETED_DEVICE_FAMILY = "1,2";
			};
			name = Release;
		};
		EA9E84E11FA6CB8400FDE9AB /* Debug */ = {
			isa = XCBuildConfiguration;
			buildSettings = {
				ALWAYS_EMBED_SWIFT_STANDARD_LIBRARIES = YES;
				BUNDLE_LOADER = "$(TEST_HOST)";
				DEVELOPMENT_TEAM = A5Q224W4VJ;
				INFOPLIST_FILE = "MCC Mouse Reproduction TrackerTests/Info.plist";
				LD_RUNPATH_SEARCH_PATHS = "$(inherited) @executable_path/Frameworks @loader_path/Frameworks";
				PRODUCT_BUNDLE_IDENTIFIER = "com.KimpflerWilliamsNovak.MCC-Mouse-Reproduction-TrackerTests";
				PRODUCT_NAME = "$(TARGET_NAME)";
				SWIFT_VERSION = 3.0;
				TEST_HOST = "$(BUILT_PRODUCTS_DIR)/MCC Mouse Reproduction Tracker.app/MCC Mouse Reproduction Tracker";
			};
			name = Debug;
		};
		EA9E84E21FA6CB8400FDE9AB /* Release */ = {
			isa = XCBuildConfiguration;
			buildSettings = {
				ALWAYS_EMBED_SWIFT_STANDARD_LIBRARIES = YES;
				BUNDLE_LOADER = "$(TEST_HOST)";
				DEVELOPMENT_TEAM = A5Q224W4VJ;
				INFOPLIST_FILE = "MCC Mouse Reproduction TrackerTests/Info.plist";
				LD_RUNPATH_SEARCH_PATHS = "$(inherited) @executable_path/Frameworks @loader_path/Frameworks";
				PRODUCT_BUNDLE_IDENTIFIER = "com.KimpflerWilliamsNovak.MCC-Mouse-Reproduction-TrackerTests";
				PRODUCT_NAME = "$(TARGET_NAME)";
				SWIFT_VERSION = 3.0;
				TEST_HOST = "$(BUILT_PRODUCTS_DIR)/MCC Mouse Reproduction Tracker.app/MCC Mouse Reproduction Tracker";
			};
			name = Release;
		};
		EA9E84E41FA6CB8400FDE9AB /* Debug */ = {
			isa = XCBuildConfiguration;
			buildSettings = {
				ALWAYS_EMBED_SWIFT_STANDARD_LIBRARIES = YES;
				DEVELOPMENT_TEAM = A5Q224W4VJ;
				INFOPLIST_FILE = "MCC Mouse Reproduction TrackerUITests/Info.plist";
				LD_RUNPATH_SEARCH_PATHS = "$(inherited) @executable_path/Frameworks @loader_path/Frameworks";
				PRODUCT_BUNDLE_IDENTIFIER = "com.KimpflerWilliamsNovak.MCC-Mouse-Reproduction-TrackerUITests";
				PRODUCT_NAME = "$(TARGET_NAME)";
				SWIFT_VERSION = 3.0;
				TEST_TARGET_NAME = "MCC Mouse Reproduction Tracker";
			};
			name = Debug;
		};
		EA9E84E51FA6CB8400FDE9AB /* Release */ = {
			isa = XCBuildConfiguration;
			buildSettings = {
				ALWAYS_EMBED_SWIFT_STANDARD_LIBRARIES = YES;
				DEVELOPMENT_TEAM = A5Q224W4VJ;
				INFOPLIST_FILE = "MCC Mouse Reproduction TrackerUITests/Info.plist";
				LD_RUNPATH_SEARCH_PATHS = "$(inherited) @executable_path/Frameworks @loader_path/Frameworks";
				PRODUCT_BUNDLE_IDENTIFIER = "com.KimpflerWilliamsNovak.MCC-Mouse-Reproduction-TrackerUITests";
				PRODUCT_NAME = "$(TARGET_NAME)";
				SWIFT_VERSION = 3.0;
				TEST_TARGET_NAME = "MCC Mouse Reproduction Tracker";
			};
			name = Release;
		};
/* End XCBuildConfiguration section */

/* Begin XCConfigurationList section */
		EA9E84B01FA6CB8400FDE9AB /* Build configuration list for PBXProject "MCC Mouse Reproduction Tracker" */ = {
			isa = XCConfigurationList;
			buildConfigurations = (
				EA9E84DB1FA6CB8400FDE9AB /* Debug */,
				EA9E84DC1FA6CB8400FDE9AB /* Release */,
			);
			defaultConfigurationIsVisible = 0;
			defaultConfigurationName = Release;
		};
		EA9E84DD1FA6CB8400FDE9AB /* Build configuration list for PBXNativeTarget "MCC Mouse Reproduction Tracker" */ = {
			isa = XCConfigurationList;
			buildConfigurations = (
				EA9E84DE1FA6CB8400FDE9AB /* Debug */,
				EA9E84DF1FA6CB8400FDE9AB /* Release */,
			);
			defaultConfigurationIsVisible = 0;
			defaultConfigurationName = Release;
		};
		EA9E84E01FA6CB8400FDE9AB /* Build configuration list for PBXNativeTarget "MCC Mouse Reproduction TrackerTests" */ = {
			isa = XCConfigurationList;
			buildConfigurations = (
				EA9E84E11FA6CB8400FDE9AB /* Debug */,
				EA9E84E21FA6CB8400FDE9AB /* Release */,
			);
			defaultConfigurationIsVisible = 0;
			defaultConfigurationName = Release;
		};
		EA9E84E31FA6CB8400FDE9AB /* Build configuration list for PBXNativeTarget "MCC Mouse Reproduction TrackerUITests" */ = {
			isa = XCConfigurationList;
			buildConfigurations = (
				EA9E84E41FA6CB8400FDE9AB /* Debug */,
				EA9E84E51FA6CB8400FDE9AB /* Release */,
			);
			defaultConfigurationIsVisible = 0;
			defaultConfigurationName = Release;
		};
/* End XCConfigurationList section */
	};
	rootObject = EA9E84AD1FA6CB8400FDE9AB /* Project object */;
}
